// !$*UTF8*$!
{
	archiveVersion = 1;
	classes = {
	};
	objectVersion = 77;
	objects = {

/* Begin PBXBuildFile section */
		0A551E50C4807737317A1178 /* JSONRunHistoryStoreTests.swift in Sources */ = {isa = PBXBuildFile; fileRef = 0786B0C9F72C8E3B14B28AEB /* JSONRunHistoryStoreTests.swift */; };
		0C135FBF3F890A510FB765BD /* AutomationRuleTests.swift in Sources */ = {isa = PBXBuildFile; fileRef = E9E2802D5830C4385C2F1754 /* AutomationRuleTests.swift */; };
		124D49A6A24687F6F30DCF9B /* JSONRunHistoryStore.swift in Sources */ = {isa = PBXBuildFile; fileRef = C7F88B30F1DF615626854B50 /* JSONRunHistoryStore.swift */; };
		161EFDDADCFEA08380B8C195 /* FloderSyncApp.swift in Sources */ = {isa = PBXBuildFile; fileRef = 7F2C9D003765A9C76A6E9BD8 /* FloderSyncApp.swift */; };
		18059062D2DCDF3AEAC974A0 /* RunHistoryStore.swift in Sources */ = {isa = PBXBuildFile; fileRef = 14C63774DED0B4481FD65CA5 /* RunHistoryStore.swift */; };
		199F8AC0EF7EC7EFF113641B /* CommitChangeSchedulerTests.swift in Sources */ = {isa = PBXBuildFile; fileRef = D378CE6892F7A16E5E1B3869 /* CommitChangeSchedulerTests.swift */; };
		1EE237FBB535ED203ABEC87E /* Settings.xcstrings in Resources */ = {isa = PBXBuildFile; fileRef = 3EC3D945C9781FC39F91AE02 /* Settings.xcstrings */; };
		20F5774A78F8D43FF0EC5B3E /* Errors.xcstrings in Resources */ = {isa = PBXBuildFile; fileRef = 5E089129A5F368438EE024F3 /* Errors.xcstrings */; };
		21926BC234E318ED343214A6 /* GitClient.swift in Sources */ = {isa = PBXBuildFile; fileRef = A675427291AA43A83313C944 /* GitClient.swift */; };
		23C38E4C5465EE30566B56BD /* AppModelLoginItemTests.swift in Sources */ = {isa = PBXBuildFile; fileRef = 5F8C0ECF9E7DB213287A690E /* AppModelLoginItemTests.swift */; };
		35511C5BA692969DF277FC47 /* SyncCoordinatorTests.swift in Sources */ = {isa = PBXBuildFile; fileRef = D9A13773FA5BB7F1E9E60D09 /* SyncCoordinatorTests.swift */; };
		3EE5E2ED54D861D65B873D7A /* UserNotificationService.swift in Sources */ = {isa = PBXBuildFile; fileRef = 8D6F4F33AE45A9B5AE96CDA9 /* UserNotificationService.swift */; };
		408D8A3EFF6295093C87AC2F /* LocalizationCatalogTests.swift in Sources */ = {isa = PBXBuildFile; fileRef = D8D134E7149A1AF7DFF6EDA7 /* LocalizationCatalogTests.swift */; };
		470E783D478172E61A616405 /* UIRenderTests.swift in Sources */ = {isa = PBXBuildFile; fileRef = 67C9829D49BB73A7BB65B4E0 /* UIRenderTests.swift */; };
		4DCC40EAAF509F6EC1215E7E /* Notifications.xcstrings in Resources */ = {isa = PBXBuildFile; fileRef = DC6B10FFFA847BE4BBD3A60B /* Notifications.xcstrings */; };
		561D5990F3113CAC4D108FC1 /* FSEventsDirectoryWatcher.swift in Sources */ = {isa = PBXBuildFile; fileRef = B005B39C64FF80BB75A60AA2 /* FSEventsDirectoryWatcher.swift */; };
		5EEA97CB671630052375518A /* JSONProfileStoreTests.swift in Sources */ = {isa = PBXBuildFile; fileRef = 54BFA1F513F0B9579705881F /* JSONProfileStoreTests.swift */; };
		6A22BC76A69266C5984C5B66 /* Localizable.xcstrings in Resources */ = {isa = PBXBuildFile; fileRef = D0F8C299E3F0D5A4632FC6DD /* Localizable.xcstrings */; };
		70636AFD4143B08985D390F5 /* JSONProfileStore.swift in Sources */ = {isa = PBXBuildFile; fileRef = 726AF503D8DEE7AE3860A9D1 /* JSONProfileStore.swift */; };
		71A191C8E593F0EF1BFFEAC0 /* History.xcstrings in Resources */ = {isa = PBXBuildFile; fileRef = BBB40552F5D40AB81060EFAC /* History.xcstrings */; };
		72B9646BABAAA4309F60B0A2 /* Assets.xcassets in Resources */ = {isa = PBXBuildFile; fileRef = 015F006B103E8C72A208A86C /* Assets.xcassets */; };
		82C74EAAF0656025E614E803 /* AppModel.swift in Sources */ = {isa = PBXBuildFile; fileRef = DD9EDD38D9A2C73D80A50597 /* AppModel.swift */; };
		83FBEF966408E1CB99B5EF7B /* SyncModels.swift in Sources */ = {isa = PBXBuildFile; fileRef = F419505426D1A6F7939C3C5F /* SyncModels.swift */; };
		842EC70C0A69219199DFAC05 /* RepositoryPicker.swift in Sources */ = {isa = PBXBuildFile; fileRef = FAA16BC091B404CDF936E29F /* RepositoryPicker.swift */; };
		863A5668A99645B6592A4390 /* Automation.xcstrings in Resources */ = {isa = PBXBuildFile; fileRef = 61442E0DC0917B763CCA1ED7 /* Automation.xcstrings */; };
		8858202E9D495AE464E3AF66 /* SyncCoordinator.swift in Sources */ = {isa = PBXBuildFile; fileRef = 803F7D1C21DC6ECFD0D81F48 /* SyncCoordinator.swift */; };
		8C022866DB628721840C5C06 /* SettingsWindowController.swift in Sources */ = {isa = PBXBuildFile; fileRef = C48A97FD4919D9580BAF438F /* SettingsWindowController.swift */; };
		91E970D2FAF0FA4B99681894 /* RepositoryActions.xcstrings in Resources */ = {isa = PBXBuildFile; fileRef = 10A3FA4BBC43E1F280C33E59 /* RepositoryActions.xcstrings */; };
		9F4E1BEEA8F657B013788F05 /* AutomationScheduler.swift in Sources */ = {isa = PBXBuildFile; fileRef = 3BCAE0E97D4730AF4EBDFD9D /* AutomationScheduler.swift */; };
		A60EFD254EE25C44F7406834 /* SyncEngineTests.swift in Sources */ = {isa = PBXBuildFile; fileRef = 7EDAFB6F723652BDC7508414 /* SyncEngineTests.swift */; };
		A8008B2084F57EE1F6214AC5 /* CatchUpCalculatorTests.swift in Sources */ = {isa = PBXBuildFile; fileRef = 09E150E4A60F91A0A44631B8 /* CatchUpCalculatorTests.swift */; };
		A846F80102979FA1EA242ED4 /* SettingsRootView.swift in Sources */ = {isa = PBXBuildFile; fileRef = 008112B98CDD8401AD008751 /* SettingsRootView.swift */; };
		AD65BA082E91B4767D21CFCA /* CommitChangeScheduler.swift in Sources */ = {isa = PBXBuildFile; fileRef = 0311B28734208CAC81B1A152 /* CommitChangeScheduler.swift */; };
		C3C6B1ED6E2EBE1FA56D16D9 /* Localization.swift in Sources */ = {isa = PBXBuildFile; fileRef = E250ECE8EAA99C489164B3A0 /* Localization.swift */; };
		C40977265C82F9D4257929D9 /* LoginItemService.swift in Sources */ = {isa = PBXBuildFile; fileRef = 0E7FF3BB4DF4DFA305B189A0 /* LoginItemService.swift */; };
		CB4027530BB52A47A2C08017 /* ProfileStore.swift in Sources */ = {isa = PBXBuildFile; fileRef = D73C097A6B2951709AB1EB6A /* ProfileStore.swift */; };
		D4B431D00BC7DD280EFE349B /* SystemWakeMonitor.swift in Sources */ = {isa = PBXBuildFile; fileRef = DF18EF14F3E1B99221DEA09B /* SystemWakeMonitor.swift */; };
		D85DD3D9C63455E7DB62AE89 /* ScheduleCalculatorTests.swift in Sources */ = {isa = PBXBuildFile; fileRef = 72E379631C36F1523E5F7C3D /* ScheduleCalculatorTests.swift */; };
		E08C55A5B04840967F94CBD4 /* ProcessGitClientIntegrationTests.swift in Sources */ = {isa = PBXBuildFile; fileRef = 540F64800325337AEFBCED6B /* ProcessGitClientIntegrationTests.swift */; };
		F0C27C0872265E4F6EAC5C5E /* SyncEngine.swift in Sources */ = {isa = PBXBuildFile; fileRef = E9C2954D05F2479641F5FDE4 /* SyncEngine.swift */; };
		F14F39AD2B199CFFAE08320D /* ProcessGitClient.swift in Sources */ = {isa = PBXBuildFile; fileRef = 3FD61D675BAD13709411443C /* ProcessGitClient.swift */; };
		F4050E48355B3E2E81AC0619 /* MenuBarView.swift in Sources */ = {isa = PBXBuildFile; fileRef = BD295E99E88FC5811D754AC9 /* MenuBarView.swift */; };
		F777EF2F0D9871C2B9FB96D9 /* CatchUpCalculator.swift in Sources */ = {isa = PBXBuildFile; fileRef = C9202A671003D22E3D1A4861 /* CatchUpCalculator.swift */; };
/* End PBXBuildFile section */

/* Begin PBXContainerItemProxy section */
		2CC0299E4D13252648A9F313 /* PBXContainerItemProxy */ = {
			isa = PBXContainerItemProxy;
			containerPortal = 294A761436EBE93F7A198960 /* Project object */;
			proxyType = 1;
			remoteGlobalIDString = 8E7574DEE7BCAC7C32F639FB;
			remoteInfo = floderSync;
		};
/* End PBXContainerItemProxy section */

/* Begin PBXFileReference section */
		008112B98CDD8401AD008751 /* SettingsRootView.swift */ = {isa = PBXFileReference; lastKnownFileType = sourcecode.swift; path = SettingsRootView.swift; sourceTree = "<group>"; };
		015F006B103E8C72A208A86C /* Assets.xcassets */ = {isa = PBXFileReference; lastKnownFileType = folder.assetcatalog; path = Assets.xcassets; sourceTree = "<group>"; };
		0311B28734208CAC81B1A152 /* CommitChangeScheduler.swift */ = {isa = PBXFileReference; lastKnownFileType = sourcecode.swift; path = CommitChangeScheduler.swift; sourceTree = "<group>"; };
		0786B0C9F72C8E3B14B28AEB /* JSONRunHistoryStoreTests.swift */ = {isa = PBXFileReference; lastKnownFileType = sourcecode.swift; path = JSONRunHistoryStoreTests.swift; sourceTree = "<group>"; };
		09E150E4A60F91A0A44631B8 /* CatchUpCalculatorTests.swift */ = {isa = PBXFileReference; lastKnownFileType = sourcecode.swift; path = CatchUpCalculatorTests.swift; sourceTree = "<group>"; };
		0E7FF3BB4DF4DFA305B189A0 /* LoginItemService.swift */ = {isa = PBXFileReference; lastKnownFileType = sourcecode.swift; path = LoginItemService.swift; sourceTree = "<group>"; };
		10A3FA4BBC43E1F280C33E59 /* RepositoryActions.xcstrings */ = {isa = PBXFileReference; lastKnownFileType = text.json.xcstrings; path = RepositoryActions.xcstrings; sourceTree = "<group>"; };
		14C63774DED0B4481FD65CA5 /* RunHistoryStore.swift */ = {isa = PBXFileReference; lastKnownFileType = sourcecode.swift; path = RunHistoryStore.swift; sourceTree = "<group>"; };
		3BCAE0E97D4730AF4EBDFD9D /* AutomationScheduler.swift */ = {isa = PBXFileReference; lastKnownFileType = sourcecode.swift; path = AutomationScheduler.swift; sourceTree = "<group>"; };
		3EC3D945C9781FC39F91AE02 /* Settings.xcstrings */ = {isa = PBXFileReference; lastKnownFileType = text.json.xcstrings; path = Settings.xcstrings; sourceTree = "<group>"; };
		3FD61D675BAD13709411443C /* ProcessGitClient.swift */ = {isa = PBXFileReference; lastKnownFileType = sourcecode.swift; path = ProcessGitClient.swift; sourceTree = "<group>"; };
		540F64800325337AEFBCED6B /* ProcessGitClientIntegrationTests.swift */ = {isa = PBXFileReference; lastKnownFileType = sourcecode.swift; path = ProcessGitClientIntegrationTests.swift; sourceTree = "<group>"; };
		54BFA1F513F0B9579705881F /* JSONProfileStoreTests.swift */ = {isa = PBXFileReference; lastKnownFileType = sourcecode.swift; path = JSONProfileStoreTests.swift; sourceTree = "<group>"; };
		5E089129A5F368438EE024F3 /* Errors.xcstrings */ = {isa = PBXFileReference; lastKnownFileType = text.json.xcstrings; path = Errors.xcstrings; sourceTree = "<group>"; };
		5F8C0ECF9E7DB213287A690E /* AppModelLoginItemTests.swift */ = {isa = PBXFileReference; lastKnownFileType = sourcecode.swift; path = AppModelLoginItemTests.swift; sourceTree = "<group>"; };
		61442E0DC0917B763CCA1ED7 /* Automation.xcstrings */ = {isa = PBXFileReference; lastKnownFileType = text.json.xcstrings; path = Automation.xcstrings; sourceTree = "<group>"; };
		67C9829D49BB73A7BB65B4E0 /* UIRenderTests.swift */ = {isa = PBXFileReference; lastKnownFileType = sourcecode.swift; path = UIRenderTests.swift; sourceTree = "<group>"; };
		726AF503D8DEE7AE3860A9D1 /* JSONProfileStore.swift */ = {isa = PBXFileReference; lastKnownFileType = sourcecode.swift; path = JSONProfileStore.swift; sourceTree = "<group>"; };
		72E379631C36F1523E5F7C3D /* ScheduleCalculatorTests.swift */ = {isa = PBXFileReference; lastKnownFileType = sourcecode.swift; path = ScheduleCalculatorTests.swift; sourceTree = "<group>"; };
		7EDAFB6F723652BDC7508414 /* SyncEngineTests.swift */ = {isa = PBXFileReference; lastKnownFileType = sourcecode.swift; path = SyncEngineTests.swift; sourceTree = "<group>"; };
		7F2C9D003765A9C76A6E9BD8 /* FloderSyncApp.swift */ = {isa = PBXFileReference; lastKnownFileType = sourcecode.swift; path = FloderSyncApp.swift; sourceTree = "<group>"; };
		803F7D1C21DC6ECFD0D81F48 /* SyncCoordinator.swift */ = {isa = PBXFileReference; lastKnownFileType = sourcecode.swift; path = SyncCoordinator.swift; sourceTree = "<group>"; };
		8D6F4F33AE45A9B5AE96CDA9 /* UserNotificationService.swift */ = {isa = PBXFileReference; lastKnownFileType = sourcecode.swift; path = UserNotificationService.swift; sourceTree = "<group>"; };
		A675427291AA43A83313C944 /* GitClient.swift */ = {isa = PBXFileReference; lastKnownFileType = sourcecode.swift; path = GitClient.swift; sourceTree = "<group>"; };
		AD7A8945FA75BADA037C478D /* floderSyncTests.xctest */ = {isa = PBXFileReference; explicitFileType = wrapper.cfbundle; includeInIndex = 0; path = floderSyncTests.xctest; sourceTree = BUILT_PRODUCTS_DIR; };
		B005B39C64FF80BB75A60AA2 /* FSEventsDirectoryWatcher.swift */ = {isa = PBXFileReference; lastKnownFileType = sourcecode.swift; path = FSEventsDirectoryWatcher.swift; sourceTree = "<group>"; };
		BBB40552F5D40AB81060EFAC /* History.xcstrings */ = {isa = PBXFileReference; lastKnownFileType = text.json.xcstrings; path = History.xcstrings; sourceTree = "<group>"; };
		BD295E99E88FC5811D754AC9 /* MenuBarView.swift */ = {isa = PBXFileReference; lastKnownFileType = sourcecode.swift; path = MenuBarView.swift; sourceTree = "<group>"; };
		C48A97FD4919D9580BAF438F /* SettingsWindowController.swift */ = {isa = PBXFileReference; lastKnownFileType = sourcecode.swift; path = SettingsWindowController.swift; sourceTree = "<group>"; };
		C7F88B30F1DF615626854B50 /* JSONRunHistoryStore.swift */ = {isa = PBXFileReference; lastKnownFileType = sourcecode.swift; path = JSONRunHistoryStore.swift; sourceTree = "<group>"; };
		C9202A671003D22E3D1A4861 /* CatchUpCalculator.swift */ = {isa = PBXFileReference; lastKnownFileType = sourcecode.swift; path = CatchUpCalculator.swift; sourceTree = "<group>"; };
		D040FE643EF7A26A526A86A2 /* floderSync.app */ = {isa = PBXFileReference; explicitFileType = wrapper.application; includeInIndex = 0; path = floderSync.app; sourceTree = BUILT_PRODUCTS_DIR; };
		D0F8C299E3F0D5A4632FC6DD /* Localizable.xcstrings */ = {isa = PBXFileReference; lastKnownFileType = text.json.xcstrings; path = Localizable.xcstrings; sourceTree = "<group>"; };
		D378CE6892F7A16E5E1B3869 /* CommitChangeSchedulerTests.swift */ = {isa = PBXFileReference; lastKnownFileType = sourcecode.swift; path = CommitChangeSchedulerTests.swift; sourceTree = "<group>"; };
		D73C097A6B2951709AB1EB6A /* ProfileStore.swift */ = {isa = PBXFileReference; lastKnownFileType = sourcecode.swift; path = ProfileStore.swift; sourceTree = "<group>"; };
		D8D134E7149A1AF7DFF6EDA7 /* LocalizationCatalogTests.swift */ = {isa = PBXFileReference; lastKnownFileType = sourcecode.swift; path = LocalizationCatalogTests.swift; sourceTree = "<group>"; };
		D9A13773FA5BB7F1E9E60D09 /* SyncCoordinatorTests.swift */ = {isa = PBXFileReference; lastKnownFileType = sourcecode.swift; path = SyncCoordinatorTests.swift; sourceTree = "<group>"; };
		DC6B10FFFA847BE4BBD3A60B /* Notifications.xcstrings */ = {isa = PBXFileReference; lastKnownFileType = text.json.xcstrings; path = Notifications.xcstrings; sourceTree = "<group>"; };
		DD9EDD38D9A2C73D80A50597 /* AppModel.swift */ = {isa = PBXFileReference; lastKnownFileType = sourcecode.swift; path = AppModel.swift; sourceTree = "<group>"; };
		DF18EF14F3E1B99221DEA09B /* SystemWakeMonitor.swift */ = {isa = PBXFileReference; lastKnownFileType = sourcecode.swift; path = SystemWakeMonitor.swift; sourceTree = "<group>"; };
		E250ECE8EAA99C489164B3A0 /* Localization.swift */ = {isa = PBXFileReference; lastKnownFileType = sourcecode.swift; path = Localization.swift; sourceTree = "<group>"; };
		E9C2954D05F2479641F5FDE4 /* SyncEngine.swift */ = {isa = PBXFileReference; lastKnownFileType = sourcecode.swift; path = SyncEngine.swift; sourceTree = "<group>"; };
		E9E2802D5830C4385C2F1754 /* AutomationRuleTests.swift */ = {isa = PBXFileReference; lastKnownFileType = sourcecode.swift; path = AutomationRuleTests.swift; sourceTree = "<group>"; };
		F419505426D1A6F7939C3C5F /* SyncModels.swift */ = {isa = PBXFileReference; lastKnownFileType = sourcecode.swift; path = SyncModels.swift; sourceTree = "<group>"; };
		FAA16BC091B404CDF936E29F /* RepositoryPicker.swift */ = {isa = PBXFileReference; lastKnownFileType = sourcecode.swift; path = RepositoryPicker.swift; sourceTree = "<group>"; };
/* End PBXFileReference section */

/* Begin PBXGroup section */
		0DBC9A435CC6205880862462 /* Domain */ = {
			isa = PBXGroup;
			children = (
				A675427291AA43A83313C944 /* GitClient.swift */,
				F419505426D1A6F7939C3C5F /* SyncModels.swift */,
			);
			path = Domain;
			sourceTree = "<group>";
		};
		1E4DAD2DC91637319FE404DF /* Presentation */ = {
			isa = PBXGroup;
			children = (
				DD9EDD38D9A2C73D80A50597 /* AppModel.swift */,
				BD295E99E88FC5811D754AC9 /* MenuBarView.swift */,
				FAA16BC091B404CDF936E29F /* RepositoryPicker.swift */,
				008112B98CDD8401AD008751 /* SettingsRootView.swift */,
			);
			path = Presentation;
			sourceTree = "<group>";
		};
		31DCF6F284AF601AC95B4F84 /* Sources */ = {
			isa = PBXGroup;
			children = (
				84AC3307A125AFC44B834B4D /* App */,
				FEF3233D61387D41CF1915F0 /* Application */,
				0DBC9A435CC6205880862462 /* Domain */,
				45166F64AC3BD4FA68D646BE /* Infrastructure */,
				1E4DAD2DC91637319FE404DF /* Presentation */,
			);
			path = Sources;
			sourceTree = "<group>";
		};
		45166F64AC3BD4FA68D646BE /* Infrastructure */ = {
			isa = PBXGroup;
			children = (
				B005B39C64FF80BB75A60AA2 /* FSEventsDirectoryWatcher.swift */,
				726AF503D8DEE7AE3860A9D1 /* JSONProfileStore.swift */,
				C7F88B30F1DF615626854B50 /* JSONRunHistoryStore.swift */,
				0E7FF3BB4DF4DFA305B189A0 /* LoginItemService.swift */,
				3FD61D675BAD13709411443C /* ProcessGitClient.swift */,
				DF18EF14F3E1B99221DEA09B /* SystemWakeMonitor.swift */,
				8D6F4F33AE45A9B5AE96CDA9 /* UserNotificationService.swift */,
			);
			path = Infrastructure;
			sourceTree = "<group>";
		};
		6BE6D51EC76D8D209A0BB34E /* Products */ = {
			isa = PBXGroup;
			children = (
				D040FE643EF7A26A526A86A2 /* floderSync.app */,
				AD7A8945FA75BADA037C478D /* floderSyncTests.xctest */,
			);
			name = Products;
			sourceTree = "<group>";
		};
		84AC3307A125AFC44B834B4D /* App */ = {
			isa = PBXGroup;
			children = (
				7F2C9D003765A9C76A6E9BD8 /* FloderSyncApp.swift */,
				C48A97FD4919D9580BAF438F /* SettingsWindowController.swift */,
			);
			path = App;
			sourceTree = "<group>";
		};
		8D97ED2C851461B5EE02B5E3 = {
			isa = PBXGroup;
			children = (
				ECDAB822528543640DF4882E /* Resources */,
				31DCF6F284AF601AC95B4F84 /* Sources */,
				93328008920E5ED275ECBB50 /* Tests */,
				6BE6D51EC76D8D209A0BB34E /* Products */,
			);
			sourceTree = "<group>";
		};
		93328008920E5ED275ECBB50 /* Tests */ = {
			isa = PBXGroup;
			children = (
				5F8C0ECF9E7DB213287A690E /* AppModelLoginItemTests.swift */,
				E9E2802D5830C4385C2F1754 /* AutomationRuleTests.swift */,
				09E150E4A60F91A0A44631B8 /* CatchUpCalculatorTests.swift */,
				D378CE6892F7A16E5E1B3869 /* CommitChangeSchedulerTests.swift */,
				54BFA1F513F0B9579705881F /* JSONProfileStoreTests.swift */,
				0786B0C9F72C8E3B14B28AEB /* JSONRunHistoryStoreTests.swift */,
				D8D134E7149A1AF7DFF6EDA7 /* LocalizationCatalogTests.swift */,
				540F64800325337AEFBCED6B /* ProcessGitClientIntegrationTests.swift */,
				72E379631C36F1523E5F7C3D /* ScheduleCalculatorTests.swift */,
				D9A13773FA5BB7F1E9E60D09 /* SyncCoordinatorTests.swift */,
				7EDAFB6F723652BDC7508414 /* SyncEngineTests.swift */,
				67C9829D49BB73A7BB65B4E0 /* UIRenderTests.swift */,
			);
			path = Tests;
			sourceTree = "<group>";
		};
		ECDAB822528543640DF4882E /* Resources */ = {
			isa = PBXGroup;
			children = (
				015F006B103E8C72A208A86C /* Assets.xcassets */,
				61442E0DC0917B763CCA1ED7 /* Automation.xcstrings */,
				5E089129A5F368438EE024F3 /* Errors.xcstrings */,
				BBB40552F5D40AB81060EFAC /* History.xcstrings */,
				D0F8C299E3F0D5A4632FC6DD /* Localizable.xcstrings */,
				DC6B10FFFA847BE4BBD3A60B /* Notifications.xcstrings */,
				10A3FA4BBC43E1F280C33E59 /* RepositoryActions.xcstrings */,
				3EC3D945C9781FC39F91AE02 /* Settings.xcstrings */,
			);
			path = Resources;
			sourceTree = "<group>";
		};
		FEF3233D61387D41CF1915F0 /* Application */ = {
			isa = PBXGroup;
			children = (
				3BCAE0E97D4730AF4EBDFD9D /* AutomationScheduler.swift */,
				C9202A671003D22E3D1A4861 /* CatchUpCalculator.swift */,
				0311B28734208CAC81B1A152 /* CommitChangeScheduler.swift */,
				E250ECE8EAA99C489164B3A0 /* Localization.swift */,
				D73C097A6B2951709AB1EB6A /* ProfileStore.swift */,
				14C63774DED0B4481FD65CA5 /* RunHistoryStore.swift */,
				803F7D1C21DC6ECFD0D81F48 /* SyncCoordinator.swift */,
				E9C2954D05F2479641F5FDE4 /* SyncEngine.swift */,
			);
			path = Application;
			sourceTree = "<group>";
		};
/* End PBXGroup section */

/* Begin PBXNativeTarget section */
		8E7574DEE7BCAC7C32F639FB /* floderSync */ = {
			isa = PBXNativeTarget;
			buildConfigurationList = 3A7FD4BC9B5A3C73F8CED651 /* Build configuration list for PBXNativeTarget "floderSync" */;
			buildPhases = (
				38AA1B05071F5A171B533B3A /* Sources */,
				1D7426710E4DD08152CDAA6F /* Resources */,
			);
			buildRules = (
			);
			dependencies = (
			);
			name = floderSync;
			packageProductDependencies = (
			);
			productName = floderSync;
			productReference = D040FE643EF7A26A526A86A2 /* floderSync.app */;
			productType = "com.apple.product-type.application";
		};
		ABA5CA7BE24678F74249718B /* floderSyncTests */ = {
			isa = PBXNativeTarget;
			buildConfigurationList = 3B30B8D3E33C6734F93433A7 /* Build configuration list for PBXNativeTarget "floderSyncTests" */;
			buildPhases = (
				8B77B6383BBE0620DE3D1798 /* Sources */,
			);
			buildRules = (
			);
			dependencies = (
				2717D710FC29AEBF5A9C38A2 /* PBXTargetDependency */,
			);
			name = floderSyncTests;
			packageProductDependencies = (
			);
			productName = floderSyncTests;
			productReference = AD7A8945FA75BADA037C478D /* floderSyncTests.xctest */;
			productType = "com.apple.product-type.bundle.unit-test";
		};
/* End PBXNativeTarget section */

/* Begin PBXProject section */
		294A761436EBE93F7A198960 /* Project object */ = {
			isa = PBXProject;
			attributes = {
				BuildIndependentTargetsInParallel = YES;
				LastUpgradeCheck = 2660;
				TargetAttributes = {
					8E7574DEE7BCAC7C32F639FB = {
						ProvisioningStyle = Automatic;
					};
				};
			};
			buildConfigurationList = 29B7E0FA1645CBC6EE45FC77 /* Build configuration list for PBXProject "floderSync" */;
			developmentRegion = en;
			hasScannedForEncodings = 0;
			knownRegions = (
				Base,
				en,
				"zh-Hans",
			);
			mainGroup = 8D97ED2C851461B5EE02B5E3;
			minimizedProjectReferenceProxies = 1;
			preferredProjectObjectVersion = 77;
			productRefGroup = 6BE6D51EC76D8D209A0BB34E /* Products */;
			projectDirPath = "";
			projectRoot = "";
			targets = (
				8E7574DEE7BCAC7C32F639FB /* floderSync */,
				ABA5CA7BE24678F74249718B /* floderSyncTests */,
			);
		};
/* End PBXProject section */

/* Begin PBXResourcesBuildPhase section */
		1D7426710E4DD08152CDAA6F /* Resources */ = {
			isa = PBXResourcesBuildPhase;
			buildActionMask = 2147483647;
			files = (
				72B9646BABAAA4309F60B0A2 /* Assets.xcassets in Resources */,
				863A5668A99645B6592A4390 /* Automation.xcstrings in Resources */,
				20F5774A78F8D43FF0EC5B3E /* Errors.xcstrings in Resources */,
				71A191C8E593F0EF1BFFEAC0 /* History.xcstrings in Resources */,
				6A22BC76A69266C5984C5B66 /* Localizable.xcstrings in Resources */,
				4DCC40EAAF509F6EC1215E7E /* Notifications.xcstrings in Resources */,
				91E970D2FAF0FA4B99681894 /* RepositoryActions.xcstrings in Resources */,
				1EE237FBB535ED203ABEC87E /* Settings.xcstrings in Resources */,
			);
			runOnlyForDeploymentPostprocessing = 0;
		};
/* End PBXResourcesBuildPhase section */

/* Begin PBXSourcesBuildPhase section */
		38AA1B05071F5A171B533B3A /* Sources */ = {
			isa = PBXSourcesBuildPhase;
			buildActionMask = 2147483647;
			files = (
				82C74EAAF0656025E614E803 /* AppModel.swift in Sources */,
				9F4E1BEEA8F657B013788F05 /* AutomationScheduler.swift in Sources */,
				F777EF2F0D9871C2B9FB96D9 /* CatchUpCalculator.swift in Sources */,
				AD65BA082E91B4767D21CFCA /* CommitChangeScheduler.swift in Sources */,
				561D5990F3113CAC4D108FC1 /* FSEventsDirectoryWatcher.swift in Sources */,
				161EFDDADCFEA08380B8C195 /* FloderSyncApp.swift in Sources */,
				21926BC234E318ED343214A6 /* GitClient.swift in Sources */,
				70636AFD4143B08985D390F5 /* JSONProfileStore.swift in Sources */,
				124D49A6A24687F6F30DCF9B /* JSONRunHistoryStore.swift in Sources */,
				C3C6B1ED6E2EBE1FA56D16D9 /* Localization.swift in Sources */,
				C40977265C82F9D4257929D9 /* LoginItemService.swift in Sources */,
				F4050E48355B3E2E81AC0619 /* MenuBarView.swift in Sources */,
				F14F39AD2B199CFFAE08320D /* ProcessGitClient.swift in Sources */,
				CB4027530BB52A47A2C08017 /* ProfileStore.swift in Sources */,
				842EC70C0A69219199DFAC05 /* RepositoryPicker.swift in Sources */,
				18059062D2DCDF3AEAC974A0 /* RunHistoryStore.swift in Sources */,
				A846F80102979FA1EA242ED4 /* SettingsRootView.swift in Sources */,
				8C022866DB628721840C5C06 /* SettingsWindowController.swift in Sources */,
				8858202E9D495AE464E3AF66 /* SyncCoordinator.swift in Sources */,
				F0C27C0872265E4F6EAC5C5E /* SyncEngine.swift in Sources */,
				83FBEF966408E1CB99B5EF7B /* SyncModels.swift in Sources */,
				D4B431D00BC7DD280EFE349B /* SystemWakeMonitor.swift in Sources */,
				3EE5E2ED54D861D65B873D7A /* UserNotificationService.swift in Sources */,
			);
			runOnlyForDeploymentPostprocessing = 0;
		};
		8B77B6383BBE0620DE3D1798 /* Sources */ = {
			isa = PBXSourcesBuildPhase;
			buildActionMask = 2147483647;
			files = (
				23C38E4C5465EE30566B56BD /* AppModelLoginItemTests.swift in Sources */,
				0C135FBF3F890A510FB765BD /* AutomationRuleTests.swift in Sources */,
				A8008B2084F57EE1F6214AC5 /* CatchUpCalculatorTests.swift in Sources */,
				199F8AC0EF7EC7EFF113641B /* CommitChangeSchedulerTests.swift in Sources */,
				5EEA97CB671630052375518A /* JSONProfileStoreTests.swift in Sources */,
				0A551E50C4807737317A1178 /* JSONRunHistoryStoreTests.swift in Sources */,
				408D8A3EFF6295093C87AC2F /* LocalizationCatalogTests.swift in Sources */,
				E08C55A5B04840967F94CBD4 /* ProcessGitClientIntegrationTests.swift in Sources */,
				D85DD3D9C63455E7DB62AE89 /* ScheduleCalculatorTests.swift in Sources */,
				35511C5BA692969DF277FC47 /* SyncCoordinatorTests.swift in Sources */,
				A60EFD254EE25C44F7406834 /* SyncEngineTests.swift in Sources */,
				470E783D478172E61A616405 /* UIRenderTests.swift in Sources */,
			);
			runOnlyForDeploymentPostprocessing = 0;
		};
/* End PBXSourcesBuildPhase section */

/* Begin PBXTargetDependency section */
		2717D710FC29AEBF5A9C38A2 /* PBXTargetDependency */ = {
			isa = PBXTargetDependency;
			target = 8E7574DEE7BCAC7C32F639FB /* floderSync */;
			targetProxy = 2CC0299E4D13252648A9F313 /* PBXContainerItemProxy */;
		};
/* End PBXTargetDependency section */

/* Begin XCBuildConfiguration section */
		16339301265896D375DA6360 /* Release */ = {
			isa = XCBuildConfiguration;
			buildSettings = {
				ASSETCATALOG_COMPILER_APPICON_NAME = AppIcon;
				CODE_SIGN_STYLE = Automatic;
				COMBINE_HIDPI_IMAGES = YES;
				CURRENT_PROJECT_VERSION = 1;
				ENABLE_APP_SANDBOX = NO;
				GENERATE_INFOPLIST_FILE = YES;
				INFOPLIST_KEY_CFBundleDisplayName = FloderSync;
				INFOPLIST_KEY_LSUIElement = YES;
				LD_RUNPATH_SEARCH_PATHS = (
					"$(inherited)",
					"@executable_path/../Frameworks",
				);
				MARKETING_VERSION = 0.1.0;
				PRODUCT_BUNDLE_IDENTIFIER = dev.flodersync.app;
				PRODUCT_MODULE_NAME = floderSync;
				PRODUCT_NAME = FloderSync;
				SDKROOT = macosx;
			};
			name = Release;
		};
		3DE0F4FB0B130A02CBB8E53B /* Debug */ = {
			isa = XCBuildConfiguration;
			buildSettings = {
				ASSETCATALOG_COMPILER_APPICON_NAME = AppIcon;
				CODE_SIGN_STYLE = Automatic;
				COMBINE_HIDPI_IMAGES = YES;
				CURRENT_PROJECT_VERSION = 1;
				ENABLE_APP_SANDBOX = NO;
				GENERATE_INFOPLIST_FILE = YES;
				INFOPLIST_KEY_CFBundleDisplayName = FloderSync;
				INFOPLIST_KEY_LSUIElement = YES;
				LD_RUNPATH_SEARCH_PATHS = (
					"$(inherited)",
					"@executable_path/../Frameworks",
				);
				MARKETING_VERSION = 0.1.0;
				PRODUCT_BUNDLE_IDENTIFIER = dev.flodersync.app;
				PRODUCT_MODULE_NAME = floderSync;
				PRODUCT_NAME = FloderSync;
				SDKROOT = macosx;
			};
			name = Debug;
		};
		48D691A9CBE7F23C1EA79235 /* Release */ = {
			isa = XCBuildConfiguration;
			buildSettings = {
				BUNDLE_LOADER = "$(TEST_HOST)";
				CODE_SIGNING_ALLOWED = NO;
				COMBINE_HIDPI_IMAGES = YES;
				GENERATE_INFOPLIST_FILE = YES;
				LD_RUNPATH_SEARCH_PATHS = (
					"$(inherited)",
					"@executable_path/../Frameworks",
					"@loader_path/../Frameworks",
				);
				PRODUCT_BUNDLE_IDENTIFIER = dev.flodersync.tests;
				SDKROOT = macosx;
				TEST_HOST = "$(BUILT_PRODUCTS_DIR)/FloderSync.app/Contents/MacOS/FloderSync";
			};
			name = Release;
		};
		89E47621B5E85A0049916B8D /* Debug */ = {
			isa = XCBuildConfiguration;
			buildSettings = {
				ALWAYS_SEARCH_USER_PATHS = NO;
				ASSETCATALOG_COMPILER_GENERATE_SWIFT_ASSET_SYMBOL_EXTENSIONS = YES;
				CLANG_ANALYZER_LOCALIZABILITY_NONLOCALIZED = YES;
				CLANG_ANALYZER_NONNULL = YES;
				CLANG_ANALYZER_NUMBER_OBJECT_CONVERSION = YES_AGGRESSIVE;
				CLANG_CXX_LANGUAGE_STANDARD = "gnu++14";
				CLANG_CXX_LIBRARY = "libc++";
				CLANG_ENABLE_MODULES = YES;
				CLANG_ENABLE_OBJC_ARC = YES;
				CLANG_ENABLE_OBJC_WEAK = YES;
				CLANG_WARN_BLOCK_CAPTURE_AUTORELEASING = YES;
				CLANG_WARN_BOOL_CONVERSION = YES;
				CLANG_WARN_COMMA = YES;
				CLANG_WARN_CONSTANT_CONVERSION = YES;
				CLANG_WARN_DEPRECATED_OBJC_IMPLEMENTATIONS = YES;
				CLANG_WARN_DIRECT_OBJC_ISA_USAGE = YES_ERROR;
				CLANG_WARN_DOCUMENTATION_COMMENTS = YES;
				CLANG_WARN_EMPTY_BODY = YES;
				CLANG_WARN_ENUM_CONVERSION = YES;
				CLANG_WARN_INFINITE_RECURSION = YES;
				CLANG_WARN_INT_CONVERSION = YES;
				CLANG_WARN_NON_LITERAL_NULL_CONVERSION = YES;
				CLANG_WARN_OBJC_IMPLICIT_RETAIN_SELF = YES;
				CLANG_WARN_OBJC_LITERAL_CONVERSION = YES;
				CLANG_WARN_OBJC_ROOT_CLASS = YES_ERROR;
				CLANG_WARN_QUOTED_INCLUDE_IN_FRAMEWORK_HEADER = YES;
				CLANG_WARN_RANGE_LOOP_ANALYSIS = YES;
				CLANG_WARN_STRICT_PROTOTYPES = YES;
				CLANG_WARN_SUSPICIOUS_MOVE = YES;
				CLANG_WARN_UNGUARDED_AVAILABILITY = YES_AGGRESSIVE;
				CLANG_WARN_UNREACHABLE_CODE = YES;
				CLANG_WARN__DUPLICATE_METHOD_MATCH = YES;
				COPY_PHASE_STRIP = NO;
				DEAD_CODE_STRIPPING = YES;
				DEBUG_INFORMATION_FORMAT = dwarf;
				ENABLE_STRICT_OBJC_MSGSEND = YES;
				ENABLE_TESTABILITY = YES;
				ENABLE_USER_SCRIPT_SANDBOXING = YES;
				GCC_C_LANGUAGE_STANDARD = gnu11;
				GCC_DYNAMIC_NO_PIC = NO;
				GCC_NO_COMMON_BLOCKS = YES;
				GCC_OPTIMIZATION_LEVEL = 0;
				GCC_PREPROCESSOR_DEFINITIONS = (
					"$(inherited)",
					"DEBUG=1",
				);
				GCC_WARN_64_TO_32_BIT_CONVERSION = YES;
				GCC_WARN_ABOUT_RETURN_TYPE = YES_ERROR;
				GCC_WARN_UNDECLARED_SELECTOR = YES;
				GCC_WARN_UNINITIALIZED_AUTOS = YES_AGGRESSIVE;
				GCC_WARN_UNUSED_FUNCTION = YES;
				GCC_WARN_UNUSED_VARIABLE = YES;
				MACOSX_DEPLOYMENT_TARGET = 14.0;
				MTL_ENABLE_DEBUG_INFO = INCLUDE_SOURCE;
				MTL_FAST_MATH = YES;
				ONLY_ACTIVE_ARCH = YES;
				PRODUCT_NAME = "$(TARGET_NAME)";
				SDKROOT = macosx;
				STRING_CATALOG_GENERATE_SYMBOLS = YES;
				SWIFT_ACTIVE_COMPILATION_CONDITIONS = DEBUG;
				SWIFT_OPTIMIZATION_LEVEL = "-Onone";
				SWIFT_VERSION = 6.0;
			};
			name = Debug;
		};
		B7AFA306475981DC9188D6B0 /* Debug */ = {
			isa = XCBuildConfiguration;
			buildSettings = {
				BUNDLE_LOADER = "$(TEST_HOST)";
				CODE_SIGNING_ALLOWED = NO;
				COMBINE_HIDPI_IMAGES = YES;
				GENERATE_INFOPLIST_FILE = YES;
				LD_RUNPATH_SEARCH_PATHS = (
					"$(inherited)",
					"@executable_path/../Frameworks",
					"@loader_path/../Frameworks",
				);
				PRODUCT_BUNDLE_IDENTIFIER = dev.flodersync.tests;
				SDKROOT = macosx;
				TEST_HOST = "$(BUILT_PRODUCTS_DIR)/FloderSync.app/Contents/MacOS/FloderSync";
			};
			name = Debug;
		};
		BF546CFE29BE5D205E4BF412 /* Release */ = {
			isa = XCBuildConfiguration;
			buildSettings = {
				ALWAYS_SEARCH_USER_PATHS = NO;
				ASSETCATALOG_COMPILER_GENERATE_SWIFT_ASSET_SYMBOL_EXTENSIONS = YES;
				CLANG_ANALYZER_LOCALIZABILITY_NONLOCALIZED = YES;
				CLANG_ANALYZER_NONNULL = YES;
				CLANG_ANALYZER_NUMBER_OBJECT_CONVERSION = YES_AGGRESSIVE;
				CLANG_CXX_LANGUAGE_STANDARD = "gnu++14";
				CLANG_CXX_LIBRARY = "libc++";
				CLANG_ENABLE_MODULES = YES;
				CLANG_ENABLE_OBJC_ARC = YES;
				CLANG_ENABLE_OBJC_WEAK = YES;
				CLANG_WARN_BLOCK_CAPTURE_AUTORELEASING = YES;
				CLANG_WARN_BOOL_CONVERSION = YES;
				CLANG_WARN_COMMA = YES;
				CLANG_WARN_CONSTANT_CONVERSION = YES;
				CLANG_WARN_DEPRECATED_OBJC_IMPLEMENTATIONS = YES;
				CLANG_WARN_DIRECT_OBJC_ISA_USAGE = YES_ERROR;
				CLANG_WARN_DOCUMENTATION_COMMENTS = YES;
				CLANG_WARN_EMPTY_BODY = YES;
				CLANG_WARN_ENUM_CONVERSION = YES;
				CLANG_WARN_INFINITE_RECURSION = YES;
				CLANG_WARN_INT_CONVERSION = YES;
				CLANG_WARN_NON_LITERAL_NULL_CONVERSION = YES;
				CLANG_WARN_OBJC_IMPLICIT_RETAIN_SELF = YES;
				CLANG_WARN_OBJC_LITERAL_CONVERSION = YES;
				CLANG_WARN_OBJC_ROOT_CLASS = YES_ERROR;
				CLANG_WARN_QUOTED_INCLUDE_IN_FRAMEWORK_HEADER = YES;
				CLANG_WARN_RANGE_LOOP_ANALYSIS = YES;
				CLANG_WARN_STRICT_PROTOTYPES = YES;
				CLANG_WARN_SUSPICIOUS_MOVE = YES;
				CLANG_WARN_UNGUARDED_AVAILABILITY = YES_AGGRESSIVE;
				CLANG_WARN_UNREACHABLE_CODE = YES;
				CLANG_WARN__DUPLICATE_METHOD_MATCH = YES;
				COPY_PHASE_STRIP = NO;
				DEAD_CODE_STRIPPING = YES;
				DEBUG_INFORMATION_FORMAT = "dwarf-with-dsym";
				ENABLE_NS_ASSERTIONS = NO;
				ENABLE_STRICT_OBJC_MSGSEND = YES;
				ENABLE_USER_SCRIPT_SANDBOXING = YES;
				GCC_C_LANGUAGE_STANDARD = gnu11;
				GCC_NO_COMMON_BLOCKS = YES;
				GCC_WARN_64_TO_32_BIT_CONVERSION = YES;
				GCC_WARN_ABOUT_RETURN_TYPE = YES_ERROR;
				GCC_WARN_UNDECLARED_SELECTOR = YES;
				GCC_WARN_UNINITIALIZED_AUTOS = YES_AGGRESSIVE;
				GCC_WARN_UNUSED_FUNCTION = YES;
				GCC_WARN_UNUSED_VARIABLE = YES;
				MACOSX_DEPLOYMENT_TARGET = 14.0;
				MTL_ENABLE_DEBUG_INFO = NO;
				MTL_FAST_MATH = YES;
				PRODUCT_NAME = "$(TARGET_NAME)";
				SDKROOT = macosx;
				STRING_CATALOG_GENERATE_SYMBOLS = YES;
				SWIFT_COMPILATION_MODE = wholemodule;
				SWIFT_OPTIMIZATION_LEVEL = "-O";
				SWIFT_VERSION = 6.0;
			};
			name = Release;
		};
/* End XCBuildConfiguration section */

/* Begin XCConfigurationList section */
		29B7E0FA1645CBC6EE45FC77 /* Build configuration list for PBXProject "floderSync" */ = {
			isa = XCConfigurationList;
			buildConfigurations = (
				89E47621B5E85A0049916B8D /* Debug */,
				BF546CFE29BE5D205E4BF412 /* Release */,
			);
			defaultConfigurationIsVisible = 0;
			defaultConfigurationName = Debug;
		};
		3A7FD4BC9B5A3C73F8CED651 /* Build configuration list for PBXNativeTarget "floderSync" */ = {
			isa = XCConfigurationList;
			buildConfigurations = (
				3DE0F4FB0B130A02CBB8E53B /* Debug */,
				16339301265896D375DA6360 /* Release */,
			);
			defaultConfigurationIsVisible = 0;
			defaultConfigurationName = Debug;
		};
		3B30B8D3E33C6734F93433A7 /* Build configuration list for PBXNativeTarget "floderSyncTests" */ = {
			isa = XCConfigurationList;
			buildConfigurations = (
				B7AFA306475981DC9188D6B0 /* Debug */,
				48D691A9CBE7F23C1EA79235 /* Release */,
			);
			defaultConfigurationIsVisible = 0;
			defaultConfigurationName = Debug;
		};
/* End XCConfigurationList section */
	};
	rootObject = 294A761436EBE93F7A198960 /* Project object */;
}
